
Microsoft Visual Studio Solution File, Format Version 12.00
# Visual Studio Version 16
VisualStudioVersion = 16.0.29905.134
MinimumVisualStudioVersion = 10.0.40219.1
Project("{FAE04EC0-301F-11D3-BF4B-00C04F79EFBC}") = "Console.GenerateFile", "Console.GenerateFile\Console.GenerateFile.csproj", "{8553C821-C140-47B8-B6A3-048013A9DBFC}"
EndProject
Global
	GlobalSection(SolutionConfigurationPlatforms) = preSolution
		Debug|Any CPU = Debug|Any CPU
		Release|Any CPU = Release|Any CPU
	EndGlobalSection
	GlobalSection(ProjectConfigurationPlatforms) = postSolution
		{8553C821-C140-47B8-B6A3-048013A9DBFC}.Debug|Any CPU.ActiveCfg = Debug|Any CPU
		{8553C821-C140-47B8-B6A3-048013A9DBFC}.Debug|Any CPU.Build.0 = Debug|Any CPU
		{8553C821-C140-47B8-B6A3-048013A9DBFC}.Release|Any CPU.ActiveCfg = Release|Any CPU
		{8553C821-C140-47B8-B6A3-048013A9DBFC}.Release|Any CPU.Build.0 = Release|Any CPU
	EndGlobalSection
	GlobalSection(SolutionProperties) = preSolution
		HideSolutionNode = FALSE
	EndGlobalSection
	GlobalSection(ExtensibilityGlobals) = postSolution
		SolutionGuid = {D678E8A4-1AF6-49B5-8EEE-08851BE2FAD3}
	EndGlobalSection
EndGlobal
